
Microsoft Visual Studio Solution File, Format Version 12.00
Project("{FAE04EC0-301F-11D3-BF4B-00C04F79EFBC}") = "SeatReservation.Service", "SeatReservation.Service\SeatReservation.Service.csproj", "{41B668FF-DC9D-4EB2-BE39-B4A454B2825D}"
EndProject
Project("{FAE04EC0-301F-11D3-BF4B-00C04F79EFBC}") = "SeatReservation.Domain", "SeatReservation.Domain\SeatReservation.Domain.csproj", "{DE016D3C-0252-4665-9C8A-E30D313A0EB2}"
EndProject
Project("{2150E333-8FDC-42A3-9474-1A3956D46DE8}") = "src", "src", "{2CC1583B-64A1-41D7-9697-6F2161B6D892}"
EndProject
Project("{FAE04EC0-301F-11D3-BF4B-00C04F79EFBC}") = "SeatReservation.Shared", "SeatReservation.Shared\SeatReservation.Shared.csproj", "{4DBC0B96-3833-478B-A2AA-1F0C8DA552DE}"
EndProject
Global
	GlobalSection(SolutionConfigurationPlatforms) = preSolution
		Debug|Any CPU = Debug|Any CPU
		Release|Any CPU = Release|Any CPU
	EndGlobalSection
	GlobalSection(ProjectConfigurationPlatforms) = postSolution
		{41B668FF-DC9D-4EB2-BE39-B4A454B2825D}.Debug|Any CPU.ActiveCfg = Debug|Any CPU
		{41B668FF-DC9D-4EB2-BE39-B4A454B2825D}.Debug|Any CPU.Build.0 = Debug|Any CPU
		{41B668FF-DC9D-4EB2-BE39-B4A454B2825D}.Release|Any CPU.ActiveCfg = Release|Any CPU
		{41B668FF-DC9D-4EB2-BE39-B4A454B2825D}.Release|Any CPU.Build.0 = Release|Any CPU
		{DE016D3C-0252-4665-9C8A-E30D313A0EB2}.Debug|Any CPU.ActiveCfg = Debug|Any CPU
		{DE016D3C-0252-4665-9C8A-E30D313A0EB2}.Debug|Any CPU.Build.0 = Debug|Any CPU
		{DE016D3C-0252-4665-9C8A-E30D313A0EB2}.Release|Any CPU.ActiveCfg = Release|Any CPU
		{DE016D3C-0252-4665-9C8A-E30D313A0EB2}.Release|Any CPU.Build.0 = Release|Any CPU
		{4DBC0B96-3833-478B-A2AA-1F0C8DA552DE}.Debug|Any CPU.ActiveCfg = Debug|Any CPU
		{4DBC0B96-3833-478B-A2AA-1F0C8DA552DE}.Debug|Any CPU.Build.0 = Debug|Any CPU
		{4DBC0B96-3833-478B-A2AA-1F0C8DA552DE}.Release|Any CPU.ActiveCfg = Release|Any CPU
		{4DBC0B96-3833-478B-A2AA-1F0C8DA552DE}.Release|Any CPU.Build.0 = Release|Any CPU
	EndGlobalSection
	GlobalSection(NestedProjects) = preSolution
		{DE016D3C-0252-4665-9C8A-E30D313A0EB2} = {2CC1583B-64A1-41D7-9697-6F2161B6D892}
		{41B668FF-DC9D-4EB2-BE39-B4A454B2825D} = {2CC1583B-64A1-41D7-9697-6F2161B6D892}
		{4DBC0B96-3833-478B-A2AA-1F0C8DA552DE} = {2CC1583B-64A1-41D7-9697-6F2161B6D892}
	EndGlobalSection
EndGlobal
